
Microsoft Visual Studio Solution File, Format Version 12.00
# Visual Studio Version 17
VisualStudioVersion = 17.0.32112.339
MinimumVisualStudioVersion = 10.0.40219.1
Project("{9A19103F-16F7-4668-BE54-9A1E7A4F7556}") = "CitiesApp", "CitiesApp\CitiesApp.csproj", "{B464F5CC-0324-4851-B00D-6AD47190CF02}"
EndProject
Global
	GlobalSection(SolutionConfigurationPlatforms) = preSolution
		Debug|Any CPU = Debug|Any CPU
		Release|Any CPU = Release|Any CPU
	EndGlobalSection
	GlobalSection(ProjectConfigurationPlatforms) = postSolution
		{B464F5CC-0324-4851-B00D-6AD47190CF02}.Debug|Any CPU.ActiveCfg = Debug|Any CPU
		{B464F5CC-0324-4851-B00D-6AD47190CF02}.Debug|Any CPU.Build.0 = Debug|Any CPU
		{B464F5CC-0324-4851-B00D-6AD47190CF02}.Release|Any CPU.ActiveCfg = Release|Any CPU
		{B464F5CC-0324-4851-B00D-6AD47190CF02}.Release|Any CPU.Build.0 = Release|Any CPU
	EndGlobalSection
	GlobalSection(SolutionProperties) = preSolution
		HideSolutionNode = FALSE
	EndGlobalSection
	GlobalSection(ExtensibilityGlobals) = postSolution
		SolutionGuid = {CE88E4FA-83D4-4DBA-86A7-07D3F9EAF4CF}
	EndGlobalSection
EndGlobal
